
Microsoft Visual Studio Solution File, Format Version 12.00
# Visual Studio Version 16
VisualStudioVersion = 16.0.29001.49
MinimumVisualStudioVersion = 10.0.40219.1
Project("{9A19103F-16F7-4668-BE54-9A1E7A4F7556}") = "SquidDraftLeague.Bot", "SquidDraftLeague.Bot\SquidDraftLeague.Bot.csproj", "{9647E89B-C51A-434A-9CB5-641EF9C458E0}"
EndProject
Project("{9A19103F-16F7-4668-BE54-9A1E7A4F7556}") = "SquidDraftLeague.Language", "SquidDraftLeague.Language\SquidDraftLeague.Language.csproj", "{CD95781A-8C92-4E89-8729-58AC8DC3913E}"
EndProject
Project("{9A19103F-16F7-4668-BE54-9A1E7A4F7556}") = "SquidDraftLeague.Draft", "SquidDraftLeague.Draft\SquidDraftLeague.Draft.csproj", "{4FF55EA2-2DC4-4295-B47F-3B3CD45B4121}"
EndProject
Project("{9A19103F-16F7-4668-BE54-9A1E7A4F7556}") = "SquidDraftLeague.AirTable", "SquidDraftLeague.AirTable\SquidDraftLeague.AirTable.csproj", "{5484CBEF-96F8-4B16-96F2-2383A85A31FB}"
EndProject
Project("{9A19103F-16F7-4668-BE54-9A1E7A4F7556}") = "SquidDraftLeague.Settings", "SquidDraftLeague.Settings\SquidDraftLeague.Settings.csproj", "{C11359CC-AC41-4704-B168-A16FDF715EAD}"
EndProject
Project("{FAE04EC0-301F-11D3-BF4B-00C04F79EFBC}") = "SquidDraftLeague.Test", "SquidDraftLeague.Test\SquidDraftLeague.Test.csproj", "{88E3AD3C-765B-40FF-A51C-35D289FA735E}"
EndProject
Global
	GlobalSection(SolutionConfigurationPlatforms) = preSolution
		Debug|Any CPU = Debug|Any CPU
		Debug-Prefix|Any CPU = Debug-Prefix|Any CPU
		Release|Any CPU = Release|Any CPU
	EndGlobalSection
	GlobalSection(ProjectConfigurationPlatforms) = postSolution
		{9647E89B-C51A-434A-9CB5-641EF9C458E0}.Debug|Any CPU.ActiveCfg = Debug|Any CPU
		{9647E89B-C51A-434A-9CB5-641EF9C458E0}.Debug|Any CPU.Build.0 = Debug|Any CPU
		{9647E89B-C51A-434A-9CB5-641EF9C458E0}.Debug-Prefix|Any CPU.ActiveCfg = Debug-Prefix|Any CPU
		{9647E89B-C51A-434A-9CB5-641EF9C458E0}.Debug-Prefix|Any CPU.Build.0 = Debug-Prefix|Any CPU
		{9647E89B-C51A-434A-9CB5-641EF9C458E0}.Release|Any CPU.ActiveCfg = Release|Any CPU
		{9647E89B-C51A-434A-9CB5-641EF9C458E0}.Release|Any CPU.Build.0 = Release|Any CPU
		{CD95781A-8C92-4E89-8729-58AC8DC3913E}.Debug|Any CPU.ActiveCfg = Debug|Any CPU
		{CD95781A-8C92-4E89-8729-58AC8DC3913E}.Debug|Any CPU.Build.0 = Debug|Any CPU
		{CD95781A-8C92-4E89-8729-58AC8DC3913E}.Debug-Prefix|Any CPU.ActiveCfg = Debug|Any CPU
		{CD95781A-8C92-4E89-8729-58AC8DC3913E}.Debug-Prefix|Any CPU.Build.0 = Debug|Any CPU
		{CD95781A-8C92-4E89-8729-58AC8DC3913E}.Release|Any CPU.ActiveCfg = Release|Any CPU
		{CD95781A-8C92-4E89-8729-58AC8DC3913E}.Release|Any CPU.Build.0 = Release|Any CPU
		{4FF55EA2-2DC4-4295-B47F-3B3CD45B4121}.Debug|Any CPU.ActiveCfg = Debug|Any CPU
		{4FF55EA2-2DC4-4295-B47F-3B3CD45B4121}.Debug|Any CPU.Build.0 = Debug|Any CPU
		{4FF55EA2-2DC4-4295-B47F-3B3CD45B4121}.Debug-Prefix|Any CPU.ActiveCfg = Debug|Any CPU
		{4FF55EA2-2DC4-4295-B47F-3B3CD45B4121}.Debug-Prefix|Any CPU.Build.0 = Debug|Any CPU
		{4FF55EA2-2DC4-4295-B47F-3B3CD45B4121}.Release|Any CPU.ActiveCfg = Release|Any CPU
		{4FF55EA2-2DC4-4295-B47F-3B3CD45B4121}.Release|Any CPU.Build.0 = Release|Any CPU
		{5484CBEF-96F8-4B16-96F2-2383A85A31FB}.Debug|Any CPU.ActiveCfg = Debug|Any CPU
		{5484CBEF-96F8-4B16-96F2-2383A85A31FB}.Debug|Any CPU.Build.0 = Debug|Any CPU
		{5484CBEF-96F8-4B16-96F2-2383A85A31FB}.Debug-Prefix|Any CPU.ActiveCfg = Debug|Any CPU
		{5484CBEF-96F8-4B16-96F2-2383A85A31FB}.Debug-Prefix|Any CPU.Build.0 = Debug|Any CPU
		{5484CBEF-96F8-4B16-96F2-2383A85A31FB}.Release|Any CPU.ActiveCfg = Release|Any CPU
		{5484CBEF-96F8-4B16-96F2-2383A85A31FB}.Release|Any CPU.Build.0 = Release|Any CPU
		{C11359CC-AC41-4704-B168-A16FDF715EAD}.Debug|Any CPU.ActiveCfg = Debug|Any CPU
		{C11359CC-AC41-4704-B168-A16FDF715EAD}.Debug|Any CPU.Build.0 = Debug|Any CPU
		{C11359CC-AC41-4704-B168-A16FDF715EAD}.Debug-Prefix|Any CPU.ActiveCfg = Debug|Any CPU
		{C11359CC-AC41-4704-B168-A16FDF715EAD}.Debug-Prefix|Any CPU.Build.0 = Debug|Any CPU
		{C11359CC-AC41-4704-B168-A16FDF715EAD}.Release|Any CPU.ActiveCfg = Release|Any CPU
		{C11359CC-AC41-4704-B168-A16FDF715EAD}.Release|Any CPU.Build.0 = Release|Any CPU
		{88E3AD3C-765B-40FF-A51C-35D289FA735E}.Debug|Any CPU.ActiveCfg = Debug|Any CPU
		{88E3AD3C-765B-40FF-A51C-35D289FA735E}.Debug|Any CPU.Build.0 = Debug|Any CPU
		{88E3AD3C-765B-40FF-A51C-35D289FA735E}.Debug-Prefix|Any CPU.ActiveCfg = Debug|Any CPU
		{88E3AD3C-765B-40FF-A51C-35D289FA735E}.Debug-Prefix|Any CPU.Build.0 = Debug|Any CPU
		{88E3AD3C-765B-40FF-A51C-35D289FA735E}.Release|Any CPU.ActiveCfg = Release|Any CPU
		{88E3AD3C-765B-40FF-A51C-35D289FA735E}.Release|Any CPU.Build.0 = Release|Any CPU
	EndGlobalSection
	GlobalSection(SolutionProperties) = preSolution
		HideSolutionNode = FALSE
	EndGlobalSection
	GlobalSection(ExtensibilityGlobals) = postSolution
		SolutionGuid = {3D94E0B7-AD6D-4091-A085-8E0328088555}
	EndGlobalSection
EndGlobal
